// !$*UTF8*$!
{
	archiveVersion = 1;
	classes = {
	};
	objectVersion = 52;
	objects = {

/* Begin PBXBuildFile section */
		5D495685270A6BE000F37CD8 /* FirebaseAppDistribution-Beta in Frameworks */ = {isa = PBXBuildFile; productRef = 5D495684270A6BE000F37CD8 /* FirebaseAppDistribution-Beta */; };
		5D495687270A6BE000F37CD8 /* FirebaseInAppMessaging-Beta in Frameworks */ = {isa = PBXBuildFile; productRef = 5D495686270A6BE000F37CD8 /* FirebaseInAppMessaging-Beta */; };
		5D495689270A6BE000F37CD8 /* FirebaseAnalyticsSwift-Beta in Frameworks */ = {isa = PBXBuildFile; productRef = 5D495688270A6BE000F37CD8 /* FirebaseAnalyticsSwift-Beta */; };
		5D49568B270A6BE000F37CD8 /* FirebaseAnalyticsWithoutAdIdSupport in Frameworks */ = {isa = PBXBuildFile; productRef = 5D49568A270A6BE000F37CD8 /* FirebaseAnalyticsWithoutAdIdSupport */; };
		5D49568D270A6BE000F37CD8 /* FirebaseFirestore in Frameworks */ = {isa = PBXBuildFile; productRef = 5D49568C270A6BE000F37CD8 /* FirebaseFirestore */; };
		5D49568F270A6BE000F37CD8 /* FirebaseInstallations in Frameworks */ = {isa = PBXBuildFile; productRef = 5D49568E270A6BE000F37CD8 /* FirebaseInstallations */; };
		5D495691270A6BE000F37CD8 /* FirebaseDatabase in Frameworks */ = {isa = PBXBuildFile; productRef = 5D495690270A6BE000F37CD8 /* FirebaseDatabase */; };
		5D495693270A6BE000F37CD8 /* FirebaseFirestoreSwift-Beta in Frameworks */ = {isa = PBXBuildFile; productRef = 5D495692270A6BE000F37CD8 /* FirebaseFirestoreSwift-Beta */; };
		5D495695270A6BE000F37CD8 /* FirebaseAnalytics in Frameworks */ = {isa = PBXBuildFile; productRef = 5D495694270A6BE000F37CD8 /* FirebaseAnalytics */; };
		5D495697270A6BE000F37CD8 /* FirebasePerformance in Frameworks */ = {isa = PBXBuildFile; productRef = 5D495696270A6BE000F37CD8 /* FirebasePerformance */; };
		5D495699270A6BE000F37CD8 /* FirebaseRemoteConfig in Frameworks */ = {isa = PBXBuildFile; productRef = 5D495698270A6BE000F37CD8 /* FirebaseRemoteConfig */; };
		5D49569B270A6BE000F37CD8 /* FirebaseAppCheck in Frameworks */ = {isa = PBXBuildFile; productRef = 5D49569A270A6BE000F37CD8 /* FirebaseAppCheck */; };
		5D49569D270A6BE000F37CD8 /* FirebaseStorageSwift-Beta in Frameworks */ = {isa = PBXBuildFile; productRef = 5D49569C270A6BE000F37CD8 /* FirebaseStorageSwift-Beta */; };
		5D49569F270A6BE000F37CD8 /* FirebaseAuth in Frameworks */ = {isa = PBXBuildFile; productRef = 5D49569E270A6BE000F37CD8 /* FirebaseAuth */; };
		5D4956A1270A6BE000F37CD8 /* FirebaseInAppMessagingSwift-Beta in Frameworks */ = {isa = PBXBuildFile; productRef = 5D4956A0270A6BE000F37CD8 /* FirebaseInAppMessagingSwift-Beta */; };
		5D4956A3270A6BE000F37CD8 /* FirebaseDatabaseSwift-Beta in Frameworks */ = {isa = PBXBuildFile; productRef = 5D4956A2270A6BE000F37CD8 /* FirebaseDatabaseSwift-Beta */; };
		5D4956A5270A6BE000F37CD8 /* FirebaseMLModelDownloader in Frameworks */ = {isa = PBXBuildFile; productRef = 5D4956A4270A6BE000F37CD8 /* FirebaseMLModelDownloader */; };
		5D4956A7270A6BE000F37CD8 /* FirebaseMessaging in Frameworks */ = {isa = PBXBuildFile; productRef = 5D4956A6270A6BE000F37CD8 /* FirebaseMessaging */; };
		5D4956A9270A6BE000F37CD8 /* FirebaseCrashlytics in Frameworks */ = {isa = PBXBuildFile; productRef = 5D4956A8270A6BE000F37CD8 /* FirebaseCrashlytics */; };
		5D4956AB270A6BE000F37CD8 /* FirebaseStorage in Frameworks */ = {isa = PBXBuildFile; productRef = 5D4956AA270A6BE000F37CD8 /* FirebaseStorage */; };
		5D4956AD270A6BE000F37CD8 /* FirebaseDynamicLinks in Frameworks */ = {isa = PBXBuildFile; productRef = 5D4956AC270A6BE000F37CD8 /* FirebaseDynamicLinks */; };
		5D4956AF270A6BE000F37CD8 /* FirebaseFunctions in Frameworks */ = {isa = PBXBuildFile; productRef = 5D4956AE270A6BE000F37CD8 /* FirebaseFunctions */; };
		5D5C7E1626F7F95700E77207 /* MenuVC.swift in Sources */ = {isa = PBXBuildFile; fileRef = 5D5C7E1526F7F95700E77207 /* MenuVC.swift */; };
		5D69371D26EE7BAD000DADAE /* HomeVC.swift in Sources */ = {isa = PBXBuildFile; fileRef = 5D69371C26EE7BAD000DADAE /* HomeVC.swift */; };
		5D69372126EECA93000DADAE /* TabbarVC.swift in Sources */ = {isa = PBXBuildFile; fileRef = 5D69372026EECA93000DADAE /* TabbarVC.swift */; };
		5D7DEFE826F6807000AB38D5 /* SearchVC.swift in Sources */ = {isa = PBXBuildFile; fileRef = 5D7DEFE726F6807000AB38D5 /* SearchVC.swift */; };
		5D7DEFEB26F680C000AB38D5 /* NotificationVC.swift in Sources */ = {isa = PBXBuildFile; fileRef = 5D7DEFEA26F680C000AB38D5 /* NotificationVC.swift */; };
		5D7DEFEE26F680D900AB38D5 /* MessageVC.swift in Sources */ = {isa = PBXBuildFile; fileRef = 5D7DEFED26F680D900AB38D5 /* MessageVC.swift */; };
		5D84B69026ED69B600477584 /* AppDelegate.swift in Sources */ = {isa = PBXBuildFile; fileRef = 5D84B68F26ED69B600477584 /* AppDelegate.swift */; };
		5D84B69226ED69B600477584 /* SceneDelegate.swift in Sources */ = {isa = PBXBuildFile; fileRef = 5D84B69126ED69B600477584 /* SceneDelegate.swift */; };
		5D84B69926ED69B700477584 /* Assets.xcassets in Resources */ = {isa = PBXBuildFile; fileRef = 5D84B69826ED69B700477584 /* Assets.xcassets */; };
		5D84B69C26ED69B700477584 /* LaunchScreen.storyboard in Resources */ = {isa = PBXBuildFile; fileRef = 5D84B69A26ED69B700477584 /* LaunchScreen.storyboard */; };
		5D84B6A726ED6AB500477584 /* LoginVC.swift in Sources */ = {isa = PBXBuildFile; fileRef = 5D84B6A626ED6AB500477584 /* LoginVC.swift */; };
		5D84B6AD26ED8EEE00477584 /* SignupVC.swift in Sources */ = {isa = PBXBuildFile; fileRef = 5D84B6AC26ED8EEE00477584 /* SignupVC.swift */; };
/* End PBXBuildFile section */

/* Begin PBXFileReference section */
		5D5C7E1526F7F95700E77207 /* MenuVC.swift */ = {isa = PBXFileReference; lastKnownFileType = sourcecode.swift; path = MenuVC.swift; sourceTree = "<group>"; };
		5D69371C26EE7BAD000DADAE /* HomeVC.swift */ = {isa = PBXFileReference; lastKnownFileType = sourcecode.swift; path = HomeVC.swift; sourceTree = "<group>"; };
		5D69372026EECA93000DADAE /* TabbarVC.swift */ = {isa = PBXFileReference; lastKnownFileType = sourcecode.swift; path = TabbarVC.swift; sourceTree = "<group>"; };
		5D7DEFE726F6807000AB38D5 /* SearchVC.swift */ = {isa = PBXFileReference; lastKnownFileType = sourcecode.swift; path = SearchVC.swift; sourceTree = "<group>"; };
		5D7DEFEA26F680C000AB38D5 /* NotificationVC.swift */ = {isa = PBXFileReference; lastKnownFileType = sourcecode.swift; path = NotificationVC.swift; sourceTree = "<group>"; };
		5D7DEFED26F680D900AB38D5 /* MessageVC.swift */ = {isa = PBXFileReference; lastKnownFileType = sourcecode.swift; path = MessageVC.swift; sourceTree = "<group>"; };
		5D84B68C26ED69B600477584 /* TwitterCloneApp.app */ = {isa = PBXFileReference; explicitFileType = wrapper.application; includeInIndex = 0; path = TwitterCloneApp.app; sourceTree = BUILT_PRODUCTS_DIR; };
		5D84B68F26ED69B600477584 /* AppDelegate.swift */ = {isa = PBXFileReference; lastKnownFileType = sourcecode.swift; path = AppDelegate.swift; sourceTree = "<group>"; };
		5D84B69126ED69B600477584 /* SceneDelegate.swift */ = {isa = PBXFileReference; lastKnownFileType = sourcecode.swift; path = SceneDelegate.swift; sourceTree = "<group>"; };
		5D84B69826ED69B700477584 /* Assets.xcassets */ = {isa = PBXFileReference; lastKnownFileType = folder.assetcatalog; path = Assets.xcassets; sourceTree = "<group>"; };
		5D84B69B26ED69B700477584 /* Base */ = {isa = PBXFileReference; lastKnownFileType = file.storyboard; name = Base; path = Base.lproj/LaunchScreen.storyboard; sourceTree = "<group>"; };
		5D84B69D26ED69B700477584 /* Info.plist */ = {isa = PBXFileReference; lastKnownFileType = text.plist.xml; path = Info.plist; sourceTree = "<group>"; };
		5D84B6A626ED6AB500477584 /* LoginVC.swift */ = {isa = PBXFileReference; lastKnownFileType = sourcecode.swift; path = LoginVC.swift; sourceTree = "<group>"; };
		5D84B6AC26ED8EEE00477584 /* SignupVC.swift */ = {isa = PBXFileReference; lastKnownFileType = sourcecode.swift; path = SignupVC.swift; sourceTree = "<group>"; };
/* End PBXFileReference section */

/* Begin PBXFrameworksBuildPhase section */
		5D84B68926ED69B600477584 /* Frameworks */ = {
			isa = PBXFrameworksBuildPhase;
			buildActionMask = 2147483647;
			files = (
				5D4956A7270A6BE000F37CD8 /* FirebaseMessaging in Frameworks */,
				5D4956A5270A6BE000F37CD8 /* FirebaseMLModelDownloader in Frameworks */,
				5D495699270A6BE000F37CD8 /* FirebaseRemoteConfig in Frameworks */,
				5D495689270A6BE000F37CD8 /* FirebaseAnalyticsSwift-Beta in Frameworks */,
				5D495685270A6BE000F37CD8 /* FirebaseAppDistribution-Beta in Frameworks */,
				5D4956AD270A6BE000F37CD8 /* FirebaseDynamicLinks in Frameworks */,
				5D495697270A6BE000F37CD8 /* FirebasePerformance in Frameworks */,
				5D49569B270A6BE000F37CD8 /* FirebaseAppCheck in Frameworks */,
				5D49569F270A6BE000F37CD8 /* FirebaseAuth in Frameworks */,
				5D4956AF270A6BE000F37CD8 /* FirebaseFunctions in Frameworks */,
				5D4956A3270A6BE000F37CD8 /* FirebaseDatabaseSwift-Beta in Frameworks */,
				5D495687270A6BE000F37CD8 /* FirebaseInAppMessaging-Beta in Frameworks */,
				5D4956A1270A6BE000F37CD8 /* FirebaseInAppMessagingSwift-Beta in Frameworks */,
				5D49568F270A6BE000F37CD8 /* FirebaseInstallations in Frameworks */,
				5D49569D270A6BE000F37CD8 /* FirebaseStorageSwift-Beta in Frameworks */,
				5D4956AB270A6BE000F37CD8 /* FirebaseStorage in Frameworks */,
				5D49568D270A6BE000F37CD8 /* FirebaseFirestore in Frameworks */,
				5D4956A9270A6BE000F37CD8 /* FirebaseCrashlytics in Frameworks */,
				5D495693270A6BE000F37CD8 /* FirebaseFirestoreSwift-Beta in Frameworks */,
				5D495691270A6BE000F37CD8 /* FirebaseDatabase in Frameworks */,
				5D49568B270A6BE000F37CD8 /* FirebaseAnalyticsWithoutAdIdSupport in Frameworks */,
				5D495695270A6BE000F37CD8 /* FirebaseAnalytics in Frameworks */,
			);
			runOnlyForDeploymentPostprocessing = 0;
		};
/* End PBXFrameworksBuildPhase section */

/* Begin PBXGroup section */
		5D5C7E1426F7F94000E77207 /* Menu */ = {
			isa = PBXGroup;
			children = (
				5D5C7E1526F7F95700E77207 /* MenuVC.swift */,
			);
			path = Menu;
			sourceTree = "<group>";
		};
		5D69371F26EECA69000DADAE /* TabbarController */ = {
			isa = PBXGroup;
			children = (
				5D69372026EECA93000DADAE /* TabbarVC.swift */,
			);
			path = TabbarController;
			sourceTree = "<group>";
		};
		5D84B68326ED69B600477584 = {
			isa = PBXGroup;
			children = (
				5D84B68E26ED69B600477584 /* TwitterCloneApp */,
				5D84B68D26ED69B600477584 /* Products */,
			);
			sourceTree = "<group>";
		};
		5D84B68D26ED69B600477584 /* Products */ = {
			isa = PBXGroup;
			children = (
				5D84B68C26ED69B600477584 /* TwitterCloneApp.app */,
			);
			name = Products;
			sourceTree = "<group>";
		};
		5D84B68E26ED69B600477584 /* TwitterCloneApp */ = {
			isa = PBXGroup;
			children = (
				5D84B6AA26ED74D200477584 /* Utilies */,
				5D84B6A526ED6A9A00477584 /* View */,
				5D84B68F26ED69B600477584 /* AppDelegate.swift */,
				5D84B69126ED69B600477584 /* SceneDelegate.swift */,
				5D84B69826ED69B700477584 /* Assets.xcassets */,
				5D84B69A26ED69B700477584 /* LaunchScreen.storyboard */,
				5D84B69D26ED69B700477584 /* Info.plist */,
			);
			path = TwitterCloneApp;
			sourceTree = "<group>";
		};
		5D84B6A526ED6A9A00477584 /* View */ = {
			isa = PBXGroup;
			children = (
				5D5C7E1426F7F94000E77207 /* Menu */,
				5D69371F26EECA69000DADAE /* TabbarController */,
				5D84B6A626ED6AB500477584 /* LoginVC.swift */,
				5D84B6AC26ED8EEE00477584 /* SignupVC.swift */,
				5D69371C26EE7BAD000DADAE /* HomeVC.swift */,
				5D7DEFE726F6807000AB38D5 /* SearchVC.swift */,
				5D7DEFEA26F680C000AB38D5 /* NotificationVC.swift */,
				5D7DEFED26F680D900AB38D5 /* MessageVC.swift */,
			);
			path = View;
			sourceTree = "<group>";
		};
		5D84B6AA26ED74D200477584 /* Utilies */ = {
			isa = PBXGroup;
			children = (
			);
			path = Utilies;
			sourceTree = "<group>";
		};
/* End PBXGroup section */

/* Begin PBXNativeTarget section */
		5D84B68B26ED69B600477584 /* TwitterCloneApp */ = {
			isa = PBXNativeTarget;
			buildConfigurationList = 5D84B6A026ED69B700477584 /* Build configuration list for PBXNativeTarget "TwitterCloneApp" */;
			buildPhases = (
				5D84B68826ED69B600477584 /* Sources */,
				5D84B68926ED69B600477584 /* Frameworks */,
				5D84B68A26ED69B600477584 /* Resources */,
			);
			buildRules = (
			);
			dependencies = (
			);
			name = TwitterCloneApp;
			packageProductDependencies = (
				5D495684270A6BE000F37CD8 /* FirebaseAppDistribution-Beta */,
				5D495686270A6BE000F37CD8 /* FirebaseInAppMessaging-Beta */,
				5D495688270A6BE000F37CD8 /* FirebaseAnalyticsSwift-Beta */,
				5D49568A270A6BE000F37CD8 /* FirebaseAnalyticsWithoutAdIdSupport */,
				5D49568C270A6BE000F37CD8 /* FirebaseFirestore */,
				5D49568E270A6BE000F37CD8 /* FirebaseInstallations */,
				5D495690270A6BE000F37CD8 /* FirebaseDatabase */,
				5D495692270A6BE000F37CD8 /* FirebaseFirestoreSwift-Beta */,
				5D495694270A6BE000F37CD8 /* FirebaseAnalytics */,
				5D495696270A6BE000F37CD8 /* FirebasePerformance */,
				5D495698270A6BE000F37CD8 /* FirebaseRemoteConfig */,
				5D49569A270A6BE000F37CD8 /* FirebaseAppCheck */,
				5D49569C270A6BE000F37CD8 /* FirebaseStorageSwift-Beta */,
				5D49569E270A6BE000F37CD8 /* FirebaseAuth */,
				5D4956A0270A6BE000F37CD8 /* FirebaseInAppMessagingSwift-Beta */,
				5D4956A2270A6BE000F37CD8 /* FirebaseDatabaseSwift-Beta */,
				5D4956A4270A6BE000F37CD8 /* FirebaseMLModelDownloader */,
				5D4956A6270A6BE000F37CD8 /* FirebaseMessaging */,
				5D4956A8270A6BE000F37CD8 /* FirebaseCrashlytics */,
				5D4956AA270A6BE000F37CD8 /* FirebaseStorage */,
				5D4956AC270A6BE000F37CD8 /* FirebaseDynamicLinks */,
				5D4956AE270A6BE000F37CD8 /* FirebaseFunctions */,
			);
			productName = TwitterCloneApp;
			productReference = 5D84B68C26ED69B600477584 /* TwitterCloneApp.app */;
			productType = "com.apple.product-type.application";
		};
/* End PBXNativeTarget section */

/* Begin PBXProject section */
		5D84B68426ED69B600477584 /* Project object */ = {
			isa = PBXProject;
			attributes = {
				LastSwiftUpdateCheck = 1230;
				LastUpgradeCheck = 1230;
				TargetAttributes = {
					5D84B68B26ED69B600477584 = {
						CreatedOnToolsVersion = 12.3;
					};
				};
			};
			buildConfigurationList = 5D84B68726ED69B600477584 /* Build configuration list for PBXProject "TwitterCloneApp" */;
			compatibilityVersion = "Xcode 9.3";
			developmentRegion = en;
			hasScannedForEncodings = 0;
			knownRegions = (
				en,
				Base,
			);
			mainGroup = 5D84B68326ED69B600477584;
			packageReferences = (
				5D495683270A6BE000F37CD8 /* XCRemoteSwiftPackageReference "firebase-ios-sdk" */,
			);
			productRefGroup = 5D84B68D26ED69B600477584 /* Products */;
			projectDirPath = "";
			projectRoot = "";
			targets = (
				5D84B68B26ED69B600477584 /* TwitterCloneApp */,
			);
		};
/* End PBXProject section */

/* Begin PBXResourcesBuildPhase section */
		5D84B68A26ED69B600477584 /* Resources */ = {
			isa = PBXResourcesBuildPhase;
			buildActionMask = 2147483647;
			files = (
				5D84B69C26ED69B700477584 /* LaunchScreen.storyboard in Resources */,
				5D84B69926ED69B700477584 /* Assets.xcassets in Resources */,
			);
			runOnlyForDeploymentPostprocessing = 0;
		};
/* End PBXResourcesBuildPhase section */

/* Begin PBXSourcesBuildPhase section */
		5D84B68826ED69B600477584 /* Sources */ = {
			isa = PBXSourcesBuildPhase;
			buildActionMask = 2147483647;
			files = (
				5D84B6AD26ED8EEE00477584 /* SignupVC.swift in Sources */,
				5D7DEFEE26F680D900AB38D5 /* MessageVC.swift in Sources */,
				5D69371D26EE7BAD000DADAE /* HomeVC.swift in Sources */,
				5D69372126EECA93000DADAE /* TabbarVC.swift in Sources */,
				5D84B69026ED69B600477584 /* AppDelegate.swift in Sources */,
				5D84B69226ED69B600477584 /* SceneDelegate.swift in Sources */,
				5D84B6A726ED6AB500477584 /* LoginVC.swift in Sources */,
				5D7DEFE826F6807000AB38D5 /* SearchVC.swift in Sources */,
				5D7DEFEB26F680C000AB38D5 /* NotificationVC.swift in Sources */,
				5D5C7E1626F7F95700E77207 /* MenuVC.swift in Sources */,
			);
			runOnlyForDeploymentPostprocessing = 0;
		};
/* End PBXSourcesBuildPhase section */

/* Begin PBXVariantGroup section */
		5D84B69A26ED69B700477584 /* LaunchScreen.storyboard */ = {
			isa = PBXVariantGroup;
			children = (
				5D84B69B26ED69B700477584 /* Base */,
			);
			name = LaunchScreen.storyboard;
			sourceTree = "<group>";
		};
/* End PBXVariantGroup section */

/* Begin XCBuildConfiguration section */
		5D84B69E26ED69B700477584 /* Debug */ = {
			isa = XCBuildConfiguration;
			buildSettings = {
				ALWAYS_SEARCH_USER_PATHS = NO;
				CLANG_ANALYZER_NONNULL = YES;
				CLANG_ANALYZER_NUMBER_OBJECT_CONVERSION = YES_AGGRESSIVE;
				CLANG_CXX_LANGUAGE_STANDARD = "gnu++14";
				CLANG_CXX_LIBRARY = "libc++";
				CLANG_ENABLE_MODULES = YES;
				CLANG_ENABLE_OBJC_ARC = YES;
				CLANG_ENABLE_OBJC_WEAK = YES;
				CLANG_WARN_BLOCK_CAPTURE_AUTORELEASING = YES;
				CLANG_WARN_BOOL_CONVERSION = YES;
				CLANG_WARN_COMMA = YES;
				CLANG_WARN_CONSTANT_CONVERSION = YES;
				CLANG_WARN_DEPRECATED_OBJC_IMPLEMENTATIONS = YES;
				CLANG_WARN_DIRECT_OBJC_ISA_USAGE = YES_ERROR;
				CLANG_WARN_DOCUMENTATION_COMMENTS = YES;
				CLANG_WARN_EMPTY_BODY = YES;
				CLANG_WARN_ENUM_CONVERSION = YES;
				CLANG_WARN_INFINITE_RECURSION = YES;
				CLANG_WARN_INT_CONVERSION = YES;
				CLANG_WARN_NON_LITERAL_NULL_CONVERSION = YES;
				CLANG_WARN_OBJC_IMPLICIT_RETAIN_SELF = YES;
				CLANG_WARN_OBJC_LITERAL_CONVERSION = YES;
				CLANG_WARN_OBJC_ROOT_CLASS = YES_ERROR;
				CLANG_WARN_QUOTED_INCLUDE_IN_FRAMEWORK_HEADER = YES;
				CLANG_WARN_RANGE_LOOP_ANALYSIS = YES;
				CLANG_WARN_STRICT_PROTOTYPES = YES;
				CLANG_WARN_SUSPICIOUS_MOVE = YES;
				CLANG_WARN_UNGUARDED_AVAILABILITY = YES_AGGRESSIVE;
				CLANG_WARN_UNREACHABLE_CODE = YES;
				CLANG_WARN__DUPLICATE_METHOD_MATCH = YES;
				COPY_PHASE_STRIP = NO;
				DEBUG_INFORMATION_FORMAT = dwarf;
				ENABLE_STRICT_OBJC_MSGSEND = YES;
				ENABLE_TESTABILITY = YES;
				GCC_C_LANGUAGE_STANDARD = gnu11;
				GCC_DYNAMIC_NO_PIC = NO;
				GCC_NO_COMMON_BLOCKS = YES;
				GCC_OPTIMIZATION_LEVEL = 0;
				GCC_PREPROCESSOR_DEFINITIONS = (
					"DEBUG=1",
					"$(inherited)",
				);
				GCC_WARN_64_TO_32_BIT_CONVERSION = YES;
				GCC_WARN_ABOUT_RETURN_TYPE = YES_ERROR;
				GCC_WARN_UNDECLARED_SELECTOR = YES;
				GCC_WARN_UNINITIALIZED_AUTOS = YES_AGGRESSIVE;
				GCC_WARN_UNUSED_FUNCTION = YES;
				GCC_WARN_UNUSED_VARIABLE = YES;
				IPHONEOS_DEPLOYMENT_TARGET = 14.3;
				MTL_ENABLE_DEBUG_INFO = INCLUDE_SOURCE;
				MTL_FAST_MATH = YES;
				ONLY_ACTIVE_ARCH = YES;
				SDKROOT = iphoneos;
				SWIFT_ACTIVE_COMPILATION_CONDITIONS = DEBUG;
				SWIFT_OPTIMIZATION_LEVEL = "-Onone";
			};
			name = Debug;
		};
		5D84B69F26ED69B700477584 /* Release */ = {
			isa = XCBuildConfiguration;
			buildSettings = {
				ALWAYS_SEARCH_USER_PATHS = NO;
				CLANG_ANALYZER_NONNULL = YES;
				CLANG_ANALYZER_NUMBER_OBJECT_CONVERSION = YES_AGGRESSIVE;
				CLANG_CXX_LANGUAGE_STANDARD = "gnu++14";
				CLANG_CXX_LIBRARY = "libc++";
				CLANG_ENABLE_MODULES = YES;
				CLANG_ENABLE_OBJC_ARC = YES;
				CLANG_ENABLE_OBJC_WEAK = YES;
				CLANG_WARN_BLOCK_CAPTURE_AUTORELEASING = YES;
				CLANG_WARN_BOOL_CONVERSION = YES;
				CLANG_WARN_COMMA = YES;
				CLANG_WARN_CONSTANT_CONVERSION = YES;
				CLANG_WARN_DEPRECATED_OBJC_IMPLEMENTATIONS = YES;
				CLANG_WARN_DIRECT_OBJC_ISA_USAGE = YES_ERROR;
				CLANG_WARN_DOCUMENTATION_COMMENTS = YES;
				CLANG_WARN_EMPTY_BODY = YES;
				CLANG_WARN_ENUM_CONVERSION = YES;
				CLANG_WARN_INFINITE_RECURSION = YES;
				CLANG_WARN_INT_CONVERSION = YES;
				CLANG_WARN_NON_LITERAL_NULL_CONVERSION = YES;
				CLANG_WARN_OBJC_IMPLICIT_RETAIN_SELF = YES;
				CLANG_WARN_OBJC_LITERAL_CONVERSION = YES;
				CLANG_WARN_OBJC_ROOT_CLASS = YES_ERROR;
				CLANG_WARN_QUOTED_INCLUDE_IN_FRAMEWORK_HEADER = YES;
				CLANG_WARN_RANGE_LOOP_ANALYSIS = YES;
				CLANG_WARN_STRICT_PROTOTYPES = YES;
				CLANG_WARN_SUSPICIOUS_MOVE = YES;
				CLANG_WARN_UNGUARDED_AVAILABILITY = YES_AGGRESSIVE;
				CLANG_WARN_UNREACHABLE_CODE = YES;
				CLANG_WARN__DUPLICATE_METHOD_MATCH = YES;
				COPY_PHASE_STRIP = NO;
				DEBUG_INFORMATION_FORMAT = "dwarf-with-dsym";
				ENABLE_NS_ASSERTIONS = NO;
				ENABLE_STRICT_OBJC_MSGSEND = YES;
				GCC_C_LANGUAGE_STANDARD = gnu11;
				GCC_NO_COMMON_BLOCKS = YES;
				GCC_WARN_64_TO_32_BIT_CONVERSION = YES;
				GCC_WARN_ABOUT_RETURN_TYPE = YES_ERROR;
				GCC_WARN_UNDECLARED_SELECTOR = YES;
				GCC_WARN_UNINITIALIZED_AUTOS = YES_AGGRESSIVE;
				GCC_WARN_UNUSED_FUNCTION = YES;
				GCC_WARN_UNUSED_VARIABLE = YES;
				IPHONEOS_DEPLOYMENT_TARGET = 14.3;
				MTL_ENABLE_DEBUG_INFO = NO;
				MTL_FAST_MATH = YES;
				SDKROOT = iphoneos;
				SWIFT_COMPILATION_MODE = wholemodule;
				SWIFT_OPTIMIZATION_LEVEL = "-O";
				VALIDATE_PRODUCT = YES;
			};
			name = Release;
		};
		5D84B6A126ED69B700477584 /* Debug */ = {
			isa = XCBuildConfiguration;
			buildSettings = {
				ASSETCATALOG_COMPILER_APPICON_NAME = AppIcon;
				ASSETCATALOG_COMPILER_GLOBAL_ACCENT_COLOR_NAME = AccentColor;
				CODE_SIGN_STYLE = Automatic;
				DEVELOPMENT_TEAM = HXX8SMUX9R;
				INFOPLIST_FILE = TwitterCloneApp/Info.plist;
				LD_RUNPATH_SEARCH_PATHS = (
					"$(inherited)",
					"@executable_path/Frameworks",
				);
				PRODUCT_BUNDLE_IDENTIFIER = com.rehan.TwitterCloneApp;
				PRODUCT_NAME = "$(TARGET_NAME)";
				SWIFT_VERSION = 5.0;
				TARGETED_DEVICE_FAMILY = 1;
			};
			name = Debug;
		};
		5D84B6A226ED69B700477584 /* Release */ = {
			isa = XCBuildConfiguration;
			buildSettings = {
				ASSETCATALOG_COMPILER_APPICON_NAME = AppIcon;
				ASSETCATALOG_COMPILER_GLOBAL_ACCENT_COLOR_NAME = AccentColor;
				CODE_SIGN_STYLE = Automatic;
				DEVELOPMENT_TEAM = HXX8SMUX9R;
				INFOPLIST_FILE = TwitterCloneApp/Info.plist;
				LD_RUNPATH_SEARCH_PATHS = (
					"$(inherited)",
					"@executable_path/Frameworks",
				);
				PRODUCT_BUNDLE_IDENTIFIER = com.rehan.TwitterCloneApp;
				PRODUCT_NAME = "$(TARGET_NAME)";
				SWIFT_VERSION = 5.0;
				TARGETED_DEVICE_FAMILY = 1;
			};
			name = Release;
		};
/* End XCBuildConfiguration section */

/* Begin XCConfigurationList section */
		5D84B68726ED69B600477584 /* Build configuration list for PBXProject "TwitterCloneApp" */ = {
			isa = XCConfigurationList;
			buildConfigurations = (
				5D84B69E26ED69B700477584 /* Debug */,
				5D84B69F26ED69B700477584 /* Release */,
			);
			defaultConfigurationIsVisible = 0;
			defaultConfigurationName = Release;
		};
		5D84B6A026ED69B700477584 /* Build configuration list for PBXNativeTarget "TwitterCloneApp" */ = {
			isa = XCConfigurationList;
			buildConfigurations = (
				5D84B6A126ED69B700477584 /* Debug */,
				5D84B6A226ED69B700477584 /* Release */,
			);
			defaultConfigurationIsVisible = 0;
			defaultConfigurationName = Release;
		};
/* End XCConfigurationList section */

/* Begin XCRemoteSwiftPackageReference section */
		5D495683270A6BE000F37CD8 /* XCRemoteSwiftPackageReference "firebase-ios-sdk" */ = {
			isa = XCRemoteSwiftPackageReference;
			repositoryURL = "https://github.com/firebase/firebase-ios-sdk.git";
			requirement = {
				kind = upToNextMajorVersion;
				minimumVersion = 8.8.1;
			};
		};
/* End XCRemoteSwiftPackageReference section */

/* Begin XCSwiftPackageProductDependency section */
		5D495684270A6BE000F37CD8 /* FirebaseAppDistribution-Beta */ = {
			isa = XCSwiftPackageProductDependency;
			package = 5D495683270A6BE000F37CD8 /* XCRemoteSwiftPackageReference "firebase-ios-sdk" */;
			productName = "FirebaseAppDistribution-Beta";
		};
		5D495686270A6BE000F37CD8 /* FirebaseInAppMessaging-Beta */ = {
			isa = XCSwiftPackageProductDependency;
			package = 5D495683270A6BE000F37CD8 /* XCRemoteSwiftPackageReference "firebase-ios-sdk" */;
			productName = "FirebaseInAppMessaging-Beta";
		};
		5D495688270A6BE000F37CD8 /* FirebaseAnalyticsSwift-Beta */ = {
			isa = XCSwiftPackageProductDependency;
			package = 5D495683270A6BE000F37CD8 /* XCRemoteSwiftPackageReference "firebase-ios-sdk" */;
			productName = "FirebaseAnalyticsSwift-Beta";
		};
		5D49568A270A6BE000F37CD8 /* FirebaseAnalyticsWithoutAdIdSupport */ = {
			isa = XCSwiftPackageProductDependency;
			package = 5D495683270A6BE000F37CD8 /* XCRemoteSwiftPackageReference "firebase-ios-sdk" */;
			productName = FirebaseAnalyticsWithoutAdIdSupport;
		};
		5D49568C270A6BE000F37CD8 /* FirebaseFirestore */ = {
			isa = XCSwiftPackageProductDependency;
			package = 5D495683270A6BE000F37CD8 /* XCRemoteSwiftPackageReference "firebase-ios-sdk" */;
			productName = FirebaseFirestore;
		};
		5D49568E270A6BE000F37CD8 /* FirebaseInstallations */ = {
			isa = XCSwiftPackageProductDependency;
			package = 5D495683270A6BE000F37CD8 /* XCRemoteSwiftPackageReference "firebase-ios-sdk" */;
			productName = FirebaseInstallations;
		};
		5D495690270A6BE000F37CD8 /* FirebaseDatabase */ = {
			isa = XCSwiftPackageProductDependency;
			package = 5D495683270A6BE000F37CD8 /* XCRemoteSwiftPackageReference "firebase-ios-sdk" */;
			productName = FirebaseDatabase;
		};
		5D495692270A6BE000F37CD8 /* FirebaseFirestoreSwift-Beta */ = {
			isa = XCSwiftPackageProductDependency;
			package = 5D495683270A6BE000F37CD8 /* XCRemoteSwiftPackageReference "firebase-ios-sdk" */;
			productName = "FirebaseFirestoreSwift-Beta";
		};
		5D495694270A6BE000F37CD8 /* FirebaseAnalytics */ = {
			isa = XCSwiftPackageProductDependency;
			package = 5D495683270A6BE000F37CD8 /* XCRemoteSwiftPackageReference "firebase-ios-sdk" */;
			productName = FirebaseAnalytics;
		};
		5D495696270A6BE000F37CD8 /* FirebasePerformance */ = {
			isa = XCSwiftPackageProductDependency;
			package = 5D495683270A6BE000F37CD8 /* XCRemoteSwiftPackageReference "firebase-ios-sdk" */;
			productName = FirebasePerformance;
		};
		5D495698270A6BE000F37CD8 /* FirebaseRemoteConfig */ = {
			isa = XCSwiftPackageProductDependency;
			package = 5D495683270A6BE000F37CD8 /* XCRemoteSwiftPackageReference "firebase-ios-sdk" */;
			productName = FirebaseRemoteConfig;
		};
		5D49569A270A6BE000F37CD8 /* FirebaseAppCheck */ = {
			isa = XCSwiftPackageProductDependency;
			package = 5D495683270A6BE000F37CD8 /* XCRemoteSwiftPackageReference "firebase-ios-sdk" */;
			productName = FirebaseAppCheck;
		};
		5D49569C270A6BE000F37CD8 /* FirebaseStorageSwift-Beta */ = {
			isa = XCSwiftPackageProductDependency;
			package = 5D495683270A6BE000F37CD8 /* XCRemoteSwiftPackageReference "firebase-ios-sdk" */;
			productName = "FirebaseStorageSwift-Beta";
		};
		5D49569E270A6BE000F37CD8 /* FirebaseAuth */ = {
			isa = XCSwiftPackageProductDependency;
			package = 5D495683270A6BE000F37CD8 /* XCRemoteSwiftPackageReference "firebase-ios-sdk" */;
			productName = FirebaseAuth;
		};
		5D4956A0270A6BE000F37CD8 /* FirebaseInAppMessagingSwift-Beta */ = {
			isa = XCSwiftPackageProductDependency;
			package = 5D495683270A6BE000F37CD8 /* XCRemoteSwiftPackageReference "firebase-ios-sdk" */;
			productName = "FirebaseInAppMessagingSwift-Beta";
		};
		5D4956A2270A6BE000F37CD8 /* FirebaseDatabaseSwift-Beta */ = {
			isa = XCSwiftPackageProductDependency;
			package = 5D495683270A6BE000F37CD8 /* XCRemoteSwiftPackageReference "firebase-ios-sdk" */;
			productName = "FirebaseDatabaseSwift-Beta";
		};
		5D4956A4270A6BE000F37CD8 /* FirebaseMLModelDownloader */ = {
			isa = XCSwiftPackageProductDependency;
			package = 5D495683270A6BE000F37CD8 /* XCRemoteSwiftPackageReference "firebase-ios-sdk" */;
			productName = FirebaseMLModelDownloader;
		};
		5D4956A6270A6BE000F37CD8 /* FirebaseMessaging */ = {
			isa = XCSwiftPackageProductDependency;
			package = 5D495683270A6BE000F37CD8 /* XCRemoteSwiftPackageReference "firebase-ios-sdk" */;
			productName = FirebaseMessaging;
		};
		5D4956A8270A6BE000F37CD8 /* FirebaseCrashlytics */ = {
			isa = XCSwiftPackageProductDependency;
			package = 5D495683270A6BE000F37CD8 /* XCRemoteSwiftPackageReference "firebase-ios-sdk" */;
			productName = FirebaseCrashlytics;
		};
		5D4956AA270A6BE000F37CD8 /* FirebaseStorage */ = {
			isa = XCSwiftPackageProductDependency;
			package = 5D495683270A6BE000F37CD8 /* XCRemoteSwiftPackageReference "firebase-ios-sdk" */;
			productName = FirebaseStorage;
		};
		5D4956AC270A6BE000F37CD8 /* FirebaseDynamicLinks */ = {
			isa = XCSwiftPackageProductDependency;
			package = 5D495683270A6BE000F37CD8 /* XCRemoteSwiftPackageReference "firebase-ios-sdk" */;
			productName = FirebaseDynamicLinks;
		};
		5D4956AE270A6BE000F37CD8 /* FirebaseFunctions */ = {
			isa = XCSwiftPackageProductDependency;
			package = 5D495683270A6BE000F37CD8 /* XCRemoteSwiftPackageReference "firebase-ios-sdk" */;
			productName = FirebaseFunctions;
		};
/* End XCSwiftPackageProductDependency section */
	};
	rootObject = 5D84B68426ED69B600477584 /* Project object */;
}
